<?xml version="1.0" encoding="UTF-8" standalone="yes" ?>
<CodeBlocks_project_file>
	<FileVersion major="1" minor="6" />
	<Project>
		<Option title="gst_msdk" />
		<Option pch_mode="2" />
		<Option compiler="gcc" />
		<Build>
			<Target title="Debug">
				<Option output="bin/Debug/gstmfx" imp_lib="$(TARGET_OUTPUT_DIR)$(TARGET_OUTPUT_BASENAME).a" def_file="$(TARGET_OUTPUT_DIR)$(TARGET_OUTPUT_BASENAME).def" prefix_auto="1" extension_auto="1" />
				<Option object_output="obj/Debug/" />
				<Option type="3" />
				<Option compiler="gcc" />
				<Option parameters="--gst-plugin-load=./bin/Debug/libgstmfx.so filesrc location=/home/nuc/Videos/trailer_1080p.mov ! qtdemux ! h264parse ! mfxdecode ! mfxsink sync=false display=egl" />
				<Option host_application="gst-launch-1.0" />
				<Option run_host_application_in_terminal="1" />
				<Compiler>
					<Add option="-g" />
					<Add option="-std=c99 -fPIC" />
					<Add option="-DHAVE_CONFIG_H" />
					<Add option="-D_GNU_SOURCE" />
					<Add directory="." />
					<Add directory="gst/mfx" />
					<Add directory="gst-libs/mfx" />
					<Add directory="/usr/include/gstreamer-1.0" />
					<Add directory="/usr/include/glib-2.0" />
					<Add directory="/opt/intel/mediasdk/include" />
					<Add directory="/usr/lib64/glib-2.0/include" />
					<Add directory="/usr/lib64/gstreamer-1.0/include" />
					<Add directory="/usr/include/libdrm" />
					<Add directory="/usr/include/drm" />
				</Compiler>
				<Linker>
					<Add option="-lgstreamer-1.0 -lgobject-2.0 -lglib-2.0" />
					<Add option="-lgthread-2.0 -lgio-2.0 -lgstbase-1.0" />
					<Add option="-lgstvideo-1.0 -lva -lva-x11 -lX11 -lEGL" />
					<Add option="-ldrm -ldrm_intel -lva-drm -ludev" />
					<Add option="-lwayland-client -lwayland-egl" />
					<Add library="/opt/intel/mediasdk/lib/lin_x64/libmfx.a" />
				</Linker>
			</Target>
			<Target title="Release">
				<Option output="bin/Release/gstmfx" imp_lib="$(TARGET_OUTPUT_DIR)$(TARGET_OUTPUT_BASENAME).a" def_file="$(TARGET_OUTPUT_DIR)$(TARGET_OUTPUT_BASENAME).def" prefix_auto="1" extension_auto="1" />
				<Option object_output="obj/Release/" />
				<Option type="3" />
				<Option compiler="gcc" />
				<Option parameters="--gst-plugin-load=./bin/Release/libgstmfx.so filesrc location=/home/nuc/Videos/HD.Club-4K-Chimei-inn-60mbps.mp4 ! qtdemux ! h264parse ! mfxdecode ! mfxsink sync=false display=egl" />
				<Option host_application="gst-launch-1.0" />
				<Option run_host_application_in_terminal="1" />
				<Compiler>
					<Add option="-O2" />
					<Add option="-std=c99 -fPIC" />
					<Add option="-DHAVE_CONFIG_H" />
					<Add option="-D_GNU_SOURCE" />
					<Add directory="." />
					<Add directory="gst/mfx" />
					<Add directory="gst-libs/mfx" />
					<Add directory="/usr/include/gstreamer-1.0" />
					<Add directory="/usr/include/glib-2.0" />
					<Add directory="/opt/intel/mediasdk/include" />
					<Add directory="/usr/lib64/glib-2.0/include" />
					<Add directory="/usr/lib64/gstreamer-1.0/include" />
					<Add directory="/usr/include/libdrm" />
					<Add directory="/usr/include/drm" />
				</Compiler>
				<Linker>
					<Add option="-s" />
					<Add option="-lgstreamer-1.0 -lgobject-2.0 -lglib-2.0" />
					<Add option="-lgthread-2.0 -lgio-2.0 -lgstbase-1.0" />
					<Add option="-lgstvideo-1.0 -lva -lva-x11 -lX11 -lEGL" />
					<Add option="-ldrm -ldrm_intel -lva-drm -ludev" />
					<Add option="-lwayland-client -lwayland-egl" />
					<Add library="/opt/intel/mediasdk/lib/lin_x64/libmfx.a" />
				</Linker>
			</Target>
		</Build>
		<Compiler>
			<Add option="-Wall" />
			<Add option="-DHAVE_CONFIG_H" />
		</Compiler>
		<Unit filename="config.h" />
		<Unit filename="gst-libs/mfx/egl/egl_compat.h" />
		<Unit filename="gst-libs/mfx/egl/egl_vtable.h" />
		<Unit filename="gst-libs/mfx/egl/gstmfxdisplay_egl.c">
			<Option compilerVar="CC" />
		</Unit>
		<Unit filename="gst-libs/mfx/egl/gstmfxdisplay_egl.h" />
		<Unit filename="gst-libs/mfx/egl/gstmfxdisplay_egl_priv.h" />
		<Unit filename="gst-libs/mfx/egl/gstmfxtexture_egl.c">
			<Option compilerVar="CC" />
		</Unit>
		<Unit filename="gst-libs/mfx/egl/gstmfxtexture_egl.h" />
		<Unit filename="gst-libs/mfx/egl/gstmfxutils_egl.c">
			<Option compilerVar="CC" />
		</Unit>
		<Unit filename="gst-libs/mfx/egl/gstmfxutils_egl.h" />
		<Unit filename="gst-libs/mfx/egl/gstmfxwindow_egl.c">
			<Option compilerVar="CC" />
		</Unit>
		<Unit filename="gst-libs/mfx/egl/gstmfxwindow_egl.h" />
		<Unit filename="gst-libs/mfx/egl/ogl_compat.h" />
		<Unit filename="gst-libs/mfx/gstmfxcodecmap.c">
			<Option compilerVar="CC" />
		</Unit>
		<Unit filename="gst-libs/mfx/gstmfxcodecmap.h" />
		<Unit filename="gst-libs/mfx/gstmfxcontext.c">
			<Option compilerVar="CC" />
		</Unit>
		<Unit filename="gst-libs/mfx/gstmfxcontext.h" />
		<Unit filename="gst-libs/mfx/gstmfxdebug.h" />
		<Unit filename="gst-libs/mfx/gstmfxdecoder.c">
			<Option compilerVar="CC" />
		</Unit>
		<Unit filename="gst-libs/mfx/gstmfxdecoder.h" />
		<Unit filename="gst-libs/mfx/gstmfxdisplay.c">
			<Option compilerVar="CC" />
		</Unit>
		<Unit filename="gst-libs/mfx/gstmfxdisplay.h" />
		<Unit filename="gst-libs/mfx/gstmfxdisplay_drm.c">
			<Option compilerVar="CC" />
		</Unit>
		<Unit filename="gst-libs/mfx/gstmfxdisplay_drm.h" />
		<Unit filename="gst-libs/mfx/gstmfxdisplay_drm_priv.h" />
		<Unit filename="gst-libs/mfx/gstmfxdisplay_priv.h" />
		<Unit filename="gst-libs/mfx/gstmfxminiobject.c">
			<Option compilerVar="CC" />
		</Unit>
		<Unit filename="gst-libs/mfx/gstmfxminiobject.h" />
		<Unit filename="gst-libs/mfx/gstmfxobject.c">
			<Option compilerVar="CC" />
		</Unit>
		<Unit filename="gst-libs/mfx/gstmfxobject.h" />
		<Unit filename="gst-libs/mfx/gstmfxobject_priv.h" />
		<Unit filename="gst-libs/mfx/gstmfxprimebufferproxy.c">
			<Option compilerVar="CC" />
		</Unit>
		<Unit filename="gst-libs/mfx/gstmfxprimebufferproxy.h" />
		<Unit filename="gst-libs/mfx/gstmfxprimebufferproxy_priv.h" />
		<Unit filename="gst-libs/mfx/gstmfxsurfacepool.c">
			<Option compilerVar="CC" />
		</Unit>
		<Unit filename="gst-libs/mfx/gstmfxsurfacepool.h" />
		<Unit filename="gst-libs/mfx/gstmfxsurfaceproxy.c">
			<Option compilerVar="CC" />
		</Unit>
		<Unit filename="gst-libs/mfx/gstmfxsurfaceproxy.h" />
		<Unit filename="gst-libs/mfx/gstmfxsurfaceproxy_priv.h" />
		<Unit filename="gst-libs/mfx/gstmfxtexture.c">
			<Option compilerVar="CC" />
		</Unit>
		<Unit filename="gst-libs/mfx/gstmfxtexture.h" />
		<Unit filename="gst-libs/mfx/gstmfxtexture_priv.h" />
		<Unit filename="gst-libs/mfx/gstmfxtypes.h" />
		<Unit filename="gst-libs/mfx/gstmfxwindow.c">
			<Option compilerVar="CC" />
		</Unit>
		<Unit filename="gst-libs/mfx/gstmfxwindow.h" />
		<Unit filename="gst-libs/mfx/gstmfxwindow_priv.h" />
		<Unit filename="gst-libs/mfx/gstvaapiimage.c">
			<Option compilerVar="CC" />
		</Unit>
		<Unit filename="gst-libs/mfx/gstvaapiimage.h" />
		<Unit filename="gst-libs/mfx/gstvaapiimage_priv.h" />
		<Unit filename="gst-libs/mfx/sysdeps.h" />
		<Unit filename="gst-libs/mfx/video-utils.c">
			<Option compilerVar="CC" />
		</Unit>
		<Unit filename="gst-libs/mfx/video-utils.h" />
		<Unit filename="gst-libs/mfx/wayland/gstmfxdisplay_wayland.c">
			<Option compilerVar="CC" />
		</Unit>
		<Unit filename="gst-libs/mfx/wayland/gstmfxdisplay_wayland.h" />
		<Unit filename="gst-libs/mfx/wayland/gstmfxdisplay_wayland_priv.h" />
		<Unit filename="gst-libs/mfx/wayland/gstmfxwindow_wayland.c">
			<Option compilerVar="CC" />
		</Unit>
		<Unit filename="gst-libs/mfx/wayland/gstmfxwindow_wayland.h" />
		<Unit filename="gst-libs/mfx/wayland/scaler-client-protocol.h" />
		<Unit filename="gst-libs/mfx/wayland/scaler-protocol.c">
			<Option compilerVar="CC" />
		</Unit>
		<Unit filename="gst-libs/mfx/wayland/wayland-drm-client-protocol.h" />
		<Unit filename="gst-libs/mfx/wayland/wayland-drm-protocol.c">
			<Option compilerVar="CC" />
		</Unit>
		<Unit filename="gst-libs/mfx/x11/gstmfxdisplay_x11.c">
			<Option compilerVar="CC" />
		</Unit>
		<Unit filename="gst-libs/mfx/x11/gstmfxdisplay_x11.h" />
		<Unit filename="gst-libs/mfx/x11/gstmfxdisplay_x11_priv.h" />
		<Unit filename="gst-libs/mfx/x11/gstmfxutils_x11.c">
			<Option compilerVar="CC" />
		</Unit>
		<Unit filename="gst-libs/mfx/x11/gstmfxutils_x11.h" />
		<Unit filename="gst-libs/mfx/x11/gstmfxwindow_x11.c">
			<Option compilerVar="CC" />
		</Unit>
		<Unit filename="gst-libs/mfx/x11/gstmfxwindow_x11.h" />
		<Unit filename="gst-libs/mfx/x11/gstmfxwindow_x11_priv.h" />
		<Unit filename="gst/mfx/gstmfx.c">
			<Option compilerVar="CC" />
		</Unit>
		<Unit filename="gst/mfx/gstmfxdec.c">
			<Option compilerVar="CC" />
		</Unit>
		<Unit filename="gst/mfx/gstmfxdec.h" />
		<Unit filename="gst/mfx/gstmfxpluginbase.c">
			<Option compilerVar="CC" />
		</Unit>
		<Unit filename="gst/mfx/gstmfxpluginbase.h" />
		<Unit filename="gst/mfx/gstmfxpluginutil.c">
			<Option compilerVar="CC" />
		</Unit>
		<Unit filename="gst/mfx/gstmfxpluginutil.h" />
		<Unit filename="gst/mfx/gstmfxsink.c">
			<Option compilerVar="CC" />
		</Unit>
		<Unit filename="gst/mfx/gstmfxsink.h" />
		<Unit filename="gst/mfx/gstmfxvideobufferpool.c">
			<Option compilerVar="CC" />
		</Unit>
		<Unit filename="gst/mfx/gstmfxvideobufferpool.h" />
		<Unit filename="gst/mfx/gstmfxvideocontext.c">
			<Option compilerVar="CC" />
		</Unit>
		<Unit filename="gst/mfx/gstmfxvideocontext.h" />
		<Unit filename="gst/mfx/gstmfxvideomemory.c">
			<Option compilerVar="CC" />
		</Unit>
		<Unit filename="gst/mfx/gstmfxvideomemory.h" />
		<Unit filename="gst/mfx/gstmfxvideometa.c">
			<Option compilerVar="CC" />
		</Unit>
		<Unit filename="gst/mfx/gstmfxvideometa.h" />
		<Extensions>
			<code_completion />
			<debugger />
			<envvars set="display" />
		</Extensions>
	</Project>
</CodeBlocks_project_file>
