
Microsoft Visual Studio Solution File, Format Version 12.00
# Visual Studio 14
VisualStudioVersion = 14.0.25420.1
MinimumVisualStudioVersion = 10.0.40219.1
Project("{8BC9CEB8-8B4A-11D0-8D11-00A0C91BC942}") = "gst_msdk", "gst_msdk\gst_msdk.vcxproj", "{9B7D3E37-C79E-4BB3-B793-072AB9C7CE55}"
EndProject
Global
	GlobalSection(SolutionConfigurationPlatforms) = preSolution
		Debug|Mixed Platforms = Debug|Mixed Platforms
		Debug|Win32 = Debug|Win32
		Debug|x64 = Debug|x64
		Release|Mixed Platforms = Release|Mixed Platforms
		Release|Win32 = Release|Win32
		Release|x64 = Release|x64
	EndGlobalSection
	GlobalSection(ProjectConfigurationPlatforms) = postSolution
		{9B7D3E37-C79E-4BB3-B793-072AB9C7CE55}.Debug|Mixed Platforms.ActiveCfg = Debug|x64
		{9B7D3E37-C79E-4BB3-B793-072AB9C7CE55}.Debug|Mixed Platforms.Build.0 = Debug|x64
		{9B7D3E37-C79E-4BB3-B793-072AB9C7CE55}.Debug|Win32.ActiveCfg = Debug|Win32
		{9B7D3E37-C79E-4BB3-B793-072AB9C7CE55}.Debug|Win32.Build.0 = Debug|Win32
		{9B7D3E37-C79E-4BB3-B793-072AB9C7CE55}.Debug|x64.ActiveCfg = Debug|x64
		{9B7D3E37-C79E-4BB3-B793-072AB9C7CE55}.Debug|x64.Build.0 = Debug|x64
		{9B7D3E37-C79E-4BB3-B793-072AB9C7CE55}.Release|Mixed Platforms.ActiveCfg = Release|Win32
		{9B7D3E37-C79E-4BB3-B793-072AB9C7CE55}.Release|Mixed Platforms.Build.0 = Release|Win32
		{9B7D3E37-C79E-4BB3-B793-072AB9C7CE55}.Release|Win32.ActiveCfg = Release|Win32
		{9B7D3E37-C79E-4BB3-B793-072AB9C7CE55}.Release|Win32.Build.0 = Release|Win32
		{9B7D3E37-C79E-4BB3-B793-072AB9C7CE55}.Release|x64.ActiveCfg = Release|x64
		{9B7D3E37-C79E-4BB3-B793-072AB9C7CE55}.Release|x64.Build.0 = Release|x64
	EndGlobalSection
	GlobalSection(SolutionProperties) = preSolution
		HideSolutionNode = FALSE
	EndGlobalSection
EndGlobal
