<?xml version="1.0" encoding="utf-8"?>
<Project ToolsVersion="4.0" xmlns="http://schemas.microsoft.com/developer/msbuild/2003">
  <ItemGroup>
    <Filter Include="Source Files">
      <UniqueIdentifier>{4FC737F1-C7A5-4376-A066-2A32D752A2FF}</UniqueIdentifier>
      <Extensions>cpp;c;cc;cxx;def;odl;idl;hpj;bat;asm;asmx</Extensions>
    </Filter>
    <Filter Include="Header Files">
      <UniqueIdentifier>{93995380-89BD-4b04-88EB-625FBE52EBFB}</UniqueIdentifier>
      <Extensions>h;hh;hpp;hxx;hm;inl;inc;xsd</Extensions>
    </Filter>
    <Filter Include="Resource Files">
      <UniqueIdentifier>{67DA6AB6-F800-4c08-8B7A-83BB121AAD01}</UniqueIdentifier>
      <Extensions>rc;ico;cur;bmp;dlg;rc2;rct;bin;rgs;gif;jpg;jpeg;jpe;resx;tiff;tif;png;wav;mfcribbon-ms</Extensions>
    </Filter>
    <Filter Include="Header Files\gst">
      <UniqueIdentifier>{81e11ecf-7c65-4fea-a4b4-7a6bc6b1321f}</UniqueIdentifier>
    </Filter>
    <Filter Include="Header Files\gst-libs">
      <UniqueIdentifier>{4a891e43-ce70-49cb-8f64-6769c6ad23c9}</UniqueIdentifier>
    </Filter>
    <Filter Include="Header Files\parsers">
      <UniqueIdentifier>{6823d0ff-8659-4968-aef3-fc4ade721476}</UniqueIdentifier>
    </Filter>
    <Filter Include="Header Files\gst-libs\common">
      <UniqueIdentifier>{195d0d02-7f1b-44ba-98a5-47874d6f522d}</UniqueIdentifier>
    </Filter>
    <Filter Include="Source Files\gst">
      <UniqueIdentifier>{ae70b560-500a-462b-b44c-0c03d13c3172}</UniqueIdentifier>
    </Filter>
    <Filter Include="Source Files\gst-libs">
      <UniqueIdentifier>{5fa63c14-292f-4e97-adfc-e2acb9c9af9a}</UniqueIdentifier>
    </Filter>
    <Filter Include="Source Files\parsers">
      <UniqueIdentifier>{910caa1f-36f0-4142-8bde-f96fd422af1e}</UniqueIdentifier>
    </Filter>
    <Filter Include="Source Files\gst-libs\common">
      <UniqueIdentifier>{27d74f27-a4fc-4db3-aeb4-3d9fbbacdd64}</UniqueIdentifier>
    </Filter>
  </ItemGroup>
  <ItemGroup>
    <ClCompile Include="gst\mfx\gstmfx.c">
      <Filter>Source Files\gst</Filter>
    </ClCompile>
    <ClCompile Include="gst\mfx\gstmfxdec.c">
      <Filter>Source Files\gst</Filter>
    </ClCompile>
    <ClCompile Include="gst\mfx\gstmfxenc.c">
      <Filter>Source Files\gst</Filter>
    </ClCompile>
    <ClCompile Include="gst\mfx\gstmfxenc_h264.c">
      <Filter>Source Files\gst</Filter>
    </ClCompile>
    <ClCompile Include="gst\mfx\gstmfxenc_h265.c">
      <Filter>Source Files\gst</Filter>
    </ClCompile>
    <ClCompile Include="gst\mfx\gstmfxenc_jpeg.c">
      <Filter>Source Files\gst</Filter>
    </ClCompile>
    <ClCompile Include="gst\mfx\gstmfxenc_mpeg2.c">
      <Filter>Source Files\gst</Filter>
    </ClCompile>
    <ClCompile Include="gst-libs\mfx\gstmfxdecoder.c">
      <Filter>Source Files\gst-libs</Filter>
    </ClCompile>
    <ClCompile Include="gst-libs\mfx\gstmfxencoder.c">
      <Filter>Source Files\gst-libs</Filter>
    </ClCompile>
    <ClCompile Include="gst-libs\mfx\gstmfxencoder_h264.c">
      <Filter>Source Files\gst-libs</Filter>
    </ClCompile>
    <ClCompile Include="gst-libs\mfx\gstmfxencoder_h265.c">
      <Filter>Source Files\gst-libs</Filter>
    </ClCompile>
    <ClCompile Include="gst-libs\mfx\gstmfxencoder_mpeg2.c">
      <Filter>Source Files\gst-libs</Filter>
    </ClCompile>
    <ClCompile Include="gst-libs\mfx\gstmfxfilter.c">
      <Filter>Source Files\gst-libs</Filter>
    </ClCompile>
    <ClCompile Include="gst-libs\mfx\gstmfxencoder_jpeg.c">
      <Filter>Source Files\gst-libs</Filter>
    </ClCompile>
    <ClCompile Include="gst-libs\mfx\gstmfxminiobject.c">
      <Filter>Source Files\gst-libs</Filter>
    </ClCompile>
    <ClCompile Include="gst-libs\mfx\gstmfxprofile.c">
      <Filter>Source Files\gst-libs</Filter>
    </ClCompile>
    <ClCompile Include="gst-libs\mfx\gstmfxsurface.c">
      <Filter>Source Files\gst-libs</Filter>
    </ClCompile>
    <ClCompile Include="gst-libs\mfx\gstmfxsurfacepool.c">
      <Filter>Source Files\gst-libs</Filter>
    </ClCompile>
    <ClCompile Include="gst-libs\mfx\gstmfxtask.c">
      <Filter>Source Files\gst-libs</Filter>
    </ClCompile>
    <ClCompile Include="gst-libs\mfx\gstmfxtaskaggregator.c">
      <Filter>Source Files\gst-libs</Filter>
    </ClCompile>
    <ClCompile Include="gst-libs\mfx\gstmfxutils_h264.c">
      <Filter>Source Files\gst-libs</Filter>
    </ClCompile>
    <ClCompile Include="gst-libs\mfx\gstmfxvalue.c">
      <Filter>Source Files\gst-libs</Filter>
    </ClCompile>
    <ClCompile Include="gst-libs\mfx\video-format.c">
      <Filter>Source Files\gst-libs</Filter>
    </ClCompile>
    <ClCompile Include="gst\mfx\gstmfxpluginbase.c">
      <Filter>Source Files\gst</Filter>
    </ClCompile>
    <ClCompile Include="gst\mfx\gstmfxpluginutil.c">
      <Filter>Source Files\gst</Filter>
    </ClCompile>
    <ClCompile Include="gst\mfx\gstmfxpostproc.c">
      <Filter>Source Files\gst</Filter>
    </ClCompile>
    <ClCompile Include="gst\mfx\gstmfxvideobufferpool.c">
      <Filter>Source Files\gst</Filter>
    </ClCompile>
    <ClCompile Include="gst\mfx\gstmfxvideocontext.c">
      <Filter>Source Files\gst</Filter>
    </ClCompile>
    <ClCompile Include="gst\mfx\gstmfxvideomemory.c">
      <Filter>Source Files\gst</Filter>
    </ClCompile>
    <ClCompile Include="gst\mfx\gstmfxvideometa.c">
      <Filter>Source Files\gst</Filter>
    </ClCompile>
    <ClCompile Include="parsers\gstvc1parse.c">
      <Filter>Source Files\parsers</Filter>
    </ClCompile>
    <ClCompile Include="gst-libs\mfx\common\gstbitwriter.c">
      <Filter>Source Files\gst-libs\common</Filter>
    </ClCompile>
  </ItemGroup>
  <ItemGroup>
    <ClInclude Include="version.h">
      <Filter>Header Files</Filter>
    </ClInclude>
    <ClInclude Include="gst-libs\mfx\gstmfxdecoder.h">
      <Filter>Header Files\gst-libs</Filter>
    </ClInclude>
    <ClInclude Include="gst\mfx\gstmfxdec.h">
      <Filter>Header Files\gst</Filter>
    </ClInclude>
    <ClInclude Include="gst\mfx\gstmfxenc.h">
      <Filter>Header Files\gst</Filter>
    </ClInclude>
    <ClInclude Include="gst\mfx\gstmfxenc_h264.h">
      <Filter>Header Files\gst</Filter>
    </ClInclude>
    <ClInclude Include="gst\mfx\gstmfxenc_h265.h">
      <Filter>Header Files\gst</Filter>
    </ClInclude>
    <ClInclude Include="gst\mfx\gstmfxenc_jpeg.h">
      <Filter>Header Files\gst</Filter>
    </ClInclude>
    <ClInclude Include="gst\mfx\gstmfxenc_mpeg2.h">
      <Filter>Header Files\gst</Filter>
    </ClInclude>
    <ClInclude Include="gst-libs\mfx\gstmfxencoder.h">
      <Filter>Header Files\gst-libs</Filter>
    </ClInclude>
    <ClInclude Include="gst-libs\mfx\gstmfxencoder_h264.h">
      <Filter>Header Files\gst-libs</Filter>
    </ClInclude>
    <ClInclude Include="gst-libs\mfx\gstmfxencoder_h265.h">
      <Filter>Header Files\gst-libs</Filter>
    </ClInclude>
    <ClInclude Include="gst-libs\mfx\gstmfxencoder_jpeg.h">
      <Filter>Header Files\gst-libs</Filter>
    </ClInclude>
    <ClInclude Include="gst-libs\mfx\gstmfxencoder_mpeg2.h">
      <Filter>Header Files\gst-libs</Filter>
    </ClInclude>
    <ClInclude Include="gst-libs\mfx\gstmfxencoder_priv.h">
      <Filter>Header Files\gst-libs</Filter>
    </ClInclude>
    <ClInclude Include="gst-libs\mfx\gstmfxfilter.h">
      <Filter>Header Files\gst-libs</Filter>
    </ClInclude>
    <ClInclude Include="gst-libs\mfx\gstmfxminiobject.h">
      <Filter>Header Files\gst-libs</Filter>
    </ClInclude>
    <ClInclude Include="gst\mfx\gstmfxpluginbase.h">
      <Filter>Header Files\gst</Filter>
    </ClInclude>
    <ClInclude Include="gst\mfx\gstmfxpluginutil.h">
      <Filter>Header Files\gst</Filter>
    </ClInclude>
    <ClInclude Include="gst\mfx\gstmfxpostproc.h">
      <Filter>Header Files\gst</Filter>
    </ClInclude>
    <ClInclude Include="gst-libs\mfx\gstmfxprofile.h">
      <Filter>Header Files\gst-libs</Filter>
    </ClInclude>
    <ClInclude Include="gst-libs\mfx\gstmfxsurface.h">
      <Filter>Header Files\gst-libs</Filter>
    </ClInclude>
    <ClInclude Include="gst-libs\mfx\gstmfxsurface_priv.h">
      <Filter>Header Files\gst-libs</Filter>
    </ClInclude>
    <ClInclude Include="gst-libs\mfx\gstmfxsurfacepool.h">
      <Filter>Header Files\gst-libs</Filter>
    </ClInclude>
    <ClInclude Include="gst-libs\mfx\gstmfxtask.h">
      <Filter>Header Files\gst-libs</Filter>
    </ClInclude>
    <ClInclude Include="gst-libs\mfx\gstmfxtaskaggregator.h">
      <Filter>Header Files\gst-libs</Filter>
    </ClInclude>
    <ClInclude Include="gst-libs\mfx\gstmfxtypes.h">
      <Filter>Header Files\gst-libs</Filter>
    </ClInclude>
    <ClInclude Include="gst-libs\mfx\gstmfxutils_h264.h">
      <Filter>Header Files\gst-libs</Filter>
    </ClInclude>
    <ClInclude Include="gst-libs\mfx\gstmfxvalue.h">
      <Filter>Header Files\gst-libs</Filter>
    </ClInclude>
    <ClInclude Include="gst\mfx\gstmfxvideobufferpool.h">
      <Filter>Header Files\gst</Filter>
    </ClInclude>
    <ClInclude Include="gst\mfx\gstmfxvideocontext.h">
      <Filter>Header Files\gst</Filter>
    </ClInclude>
    <ClInclude Include="gst\mfx\gstmfxvideomemory.h">
      <Filter>Header Files\gst</Filter>
    </ClInclude>
    <ClInclude Include="gst\mfx\gstmfxvideometa.h">
      <Filter>Header Files\gst</Filter>
    </ClInclude>
    <ClInclude Include="gst-libs\mfx\video-format.h">
      <Filter>Header Files\gst-libs</Filter>
    </ClInclude>
    <ClInclude Include="gst-libs\mfx\sysdeps.h">
      <Filter>Header Files\gst-libs</Filter>
    </ClInclude>
    <ClInclude Include="parsers\gstvc1parse.h">
      <Filter>Header Files\parsers</Filter>
    </ClInclude>
    <ClInclude Include="gst-libs\mfx\common\gstbitwriter.h">
      <Filter>Header Files\gst-libs\common</Filter>
    </ClInclude>
    <ClInclude Include="gst-libs\mfx\gstmfxdebug.h">
      <Filter>Header Files\gst-libs</Filter>
    </ClInclude>
  </ItemGroup>
</Project>